
Microsoft Visual Studio Solution File, Format Version 12.00
# Visual Studio 14
VisualStudioVersion = 14.0.25420.1
MinimumVisualStudioVersion = 10.0.40219.1
Project("{FAE04EC0-301F-11D3-BF4B-00C04F79EFBC}") = "TroposGoodsInProcured", "TroposGoodsInProcured\TroposGoodsInProcured.csproj", "{4D94D620-E1FD-4D1E-90AB-EB69DD3E09B9}"
EndProject
Project("{FAE04EC0-301F-11D3-BF4B-00C04F79EFBC}") = "TroposGoodsInProcuredBO", "TroposGoodsInProcuredBO\TroposGoodsInProcuredBO.csproj", "{C8D13E70-590D-4DBB-9611-7BA0401AC861}"
EndProject
Project("{54435603-DBB4-11D2-8724-00A0C9A8B90C}") = "TroposGOODSINPROCUREDSetup", "TroposGOODSINPROCUREDSetup\TroposGOODSINPROCUREDSetup.vdproj", "{13AC95B4-E171-4949-9C8A-9676D0D85FEE}"
EndProject
Project("{54435603-DBB4-11D2-8724-00A0C9A8B90C}") = "TroposGOODSINPROCUREDTestSetup", "TroposGOODSINPROCUREDTestSetup\TroposGOODSINPROCUREDTestSetup.vdproj", "{B84518C6-B199-4364-B60B-7BF2C9DF3C24}"
EndProject
Global
	GlobalSection(SolutionConfigurationPlatforms) = preSolution
		Debug|Any CPU = Debug|Any CPU
		Release|Any CPU = Release|Any CPU
	EndGlobalSection
	GlobalSection(ProjectConfigurationPlatforms) = postSolution
		{4D94D620-E1FD-4D1E-90AB-EB69DD3E09B9}.Debug|Any CPU.ActiveCfg = Debug|Any CPU
		{4D94D620-E1FD-4D1E-90AB-EB69DD3E09B9}.Debug|Any CPU.Build.0 = Debug|Any CPU
		{4D94D620-E1FD-4D1E-90AB-EB69DD3E09B9}.Release|Any CPU.ActiveCfg = Release|Any CPU
		{4D94D620-E1FD-4D1E-90AB-EB69DD3E09B9}.Release|Any CPU.Build.0 = Release|Any CPU
		{C8D13E70-590D-4DBB-9611-7BA0401AC861}.Debug|Any CPU.ActiveCfg = Debug|Any CPU
		{C8D13E70-590D-4DBB-9611-7BA0401AC861}.Debug|Any CPU.Build.0 = Debug|Any CPU
		{C8D13E70-590D-4DBB-9611-7BA0401AC861}.Release|Any CPU.ActiveCfg = Release|Any CPU
		{C8D13E70-590D-4DBB-9611-7BA0401AC861}.Release|Any CPU.Build.0 = Release|Any CPU
		{13AC95B4-E171-4949-9C8A-9676D0D85FEE}.Debug|Any CPU.ActiveCfg = Debug
		{13AC95B4-E171-4949-9C8A-9676D0D85FEE}.Release|Any CPU.ActiveCfg = Release
		{13AC95B4-E171-4949-9C8A-9676D0D85FEE}.Release|Any CPU.Build.0 = Release
		{B84518C6-B199-4364-B60B-7BF2C9DF3C24}.Debug|Any CPU.ActiveCfg = Debug
		{B84518C6-B199-4364-B60B-7BF2C9DF3C24}.Release|Any CPU.ActiveCfg = Release
		{B84518C6-B199-4364-B60B-7BF2C9DF3C24}.Release|Any CPU.Build.0 = Release
	EndGlobalSection
	GlobalSection(SolutionProperties) = preSolution
		HideSolutionNode = FALSE
	EndGlobalSection
EndGlobal
